
Microsoft Visual Studio Solution File, Format Version 12.00
# Visual Studio Version 17
VisualStudioVersion = 17.3.32901.215
MinimumVisualStudioVersion = 10.0.40219.1
Project("{FAE04EC0-301F-11D3-BF4B-00C04F79EFBC}") = "BSR.D365.WS3.Workflows", "BSR.D365.WS3.Workflows.csproj", "{CBE148AE-7F0D-453D-A39C-70DDF280F644}"
EndProject
Global
	GlobalSection(SolutionConfigurationPlatforms) = preSolution
		Debug|Any CPU = Debug|Any CPU
		Release|Any CPU = Release|Any CPU
	EndGlobalSection
	GlobalSection(ProjectConfigurationPlatforms) = postSolution
		{CBE148AE-7F0D-453D-A39C-70DDF280F644}.Debug|Any CPU.ActiveCfg = Debug|Any CPU
		{CBE148AE-7F0D-453D-A39C-70DDF280F644}.Debug|Any CPU.Build.0 = Debug|Any CPU
		{CBE148AE-7F0D-453D-A39C-70DDF280F644}.Release|Any CPU.ActiveCfg = Release|Any CPU
		{CBE148AE-7F0D-453D-A39C-70DDF280F644}.Release|Any CPU.Build.0 = Release|Any CPU
	EndGlobalSection
	GlobalSection(SolutionProperties) = preSolution
		HideSolutionNode = FALSE
	EndGlobalSection
	GlobalSection(ExtensibilityGlobals) = postSolution
		SolutionGuid = {A1B2BECA-FF74-4A18-B7DB-C82068E0602D}
	EndGlobalSection
EndGlobal
