
Microsoft Visual Studio Solution File, Format Version 12.00
# Visual Studio Version 17
VisualStudioVersion = 17.3.32901.215
MinimumVisualStudioVersion = 10.0.40219.1
Project("{FAE04EC0-301F-11D3-BF4B-00C04F79EFBC}") = "BSR.D365.WS1.Workflows", "BSR.D365.WS1.Workflows.csproj", "{2BEBC9FC-518E-4061-BC30-01FBC3D70CDA}"
EndProject
Global
	GlobalSection(SolutionConfigurationPlatforms) = preSolution
		Debug|Any CPU = Debug|Any CPU
		Release|Any CPU = Release|Any CPU
	EndGlobalSection
	GlobalSection(ProjectConfigurationPlatforms) = postSolution
		{2BEBC9FC-518E-4061-BC30-01FBC3D70CDA}.Debug|Any CPU.ActiveCfg = Debug|Any CPU
		{2BEBC9FC-518E-4061-BC30-01FBC3D70CDA}.Debug|Any CPU.Build.0 = Debug|Any CPU
		{2BEBC9FC-518E-4061-BC30-01FBC3D70CDA}.Release|Any CPU.ActiveCfg = Release|Any CPU
		{2BEBC9FC-518E-4061-BC30-01FBC3D70CDA}.Release|Any CPU.Build.0 = Release|Any CPU
	EndGlobalSection
	GlobalSection(SolutionProperties) = preSolution
		HideSolutionNode = FALSE
	EndGlobalSection
	GlobalSection(ExtensibilityGlobals) = postSolution
		SolutionGuid = {3BF1DC88-7BCA-47B4-8F51-2807E8CF784B}
	EndGlobalSection
EndGlobal
